// !$*UTF8*$!
{
	archiveVersion = 1;
	classes = {
	};
	objectVersion = 46;
	objects = {

/* Begin PBXBuildFile section */
		FBD8C4F21A882D8200E86F76 /* main.m in Sources */ = {isa = PBXBuildFile; fileRef = FBD8C4F11A882D8200E86F76 /* main.m */; };
		FBD8C4F51A882D8200E86F76 /* AppDelegate.m in Sources */ = {isa = PBXBuildFile; fileRef = FBD8C4F41A882D8200E86F76 /* AppDelegate.m */; };
		FBD8C4F81A882D8200E86F76 /* ViewController.m in Sources */ = {isa = PBXBuildFile; fileRef = FBD8C4F71A882D8200E86F76 /* ViewController.m */; };
		FBD8C4FB1A882D8200E86F76 /* Main.storyboard in Resources */ = {isa = PBXBuildFile; fileRef = FBD8C4F91A882D8200E86F76 /* Main.storyboard */; };
		FBD8C4FD1A882D8200E86F76 /* Images.xcassets in Resources */ = {isa = PBXBuildFile; fileRef = FBD8C4FC1A882D8200E86F76 /* Images.xcassets */; };
		FBD8C5001A882D8200E86F76 /* LaunchScreen.xib in Resources */ = {isa = PBXBuildFile; fileRef = FBD8C4FE1A882D8200E86F76 /* LaunchScreen.xib */; };
		FBD8C50C1A882D8300E86F76 /* Opening_A_URL_AppTests.m in Sources */ = {isa = PBXBuildFile; fileRef = FBD8C50B1A882D8300E86F76 /* Opening_A_URL_AppTests.m */; };
/* End PBXBuildFile section */

/* Begin PBXContainerItemProxy section */
		FBD8C5061A882D8200E86F76 /* PBXContainerItemProxy */ = {
			isa = PBXContainerItemProxy;
			containerPortal = FBD8C4E41A882D8200E86F76 /* Project object */;
			proxyType = 1;
			remoteGlobalIDString = FBD8C4EB1A882D8200E86F76;
			remoteInfo = "Opening A URL App";
		};
/* End PBXContainerItemProxy section */

/* Begin PBXFileReference section */
		FBD8C4EC1A882D8200E86F76 /* Opening A URL App.app */ = {isa = PBXFileReference; explicitFileType = wrapper.application; includeInIndex = 0; path = "Opening A URL App.app"; sourceTree = BUILT_PRODUCTS_DIR; };
		FBD8C4F01A882D8200E86F76 /* Info.plist */ = {isa = PBXFileReference; lastKnownFileType = text.plist.xml; path = Info.plist; sourceTree = "<group>"; };
		FBD8C4F11A882D8200E86F76 /* main.m */ = {isa = PBXFileReference; lastKnownFileType = sourcecode.c.objc; path = main.m; sourceTree = "<group>"; };
		FBD8C4F31A882D8200E86F76 /* AppDelegate.h */ = {isa = PBXFileReference; lastKnownFileType = sourcecode.c.h; path = AppDelegate.h; sourceTree = "<group>"; };
		FBD8C4F41A882D8200E86F76 /* AppDelegate.m */ = {isa = PBXFileReference; lastKnownFileType = sourcecode.c.objc; path = AppDelegate.m; sourceTree = "<group>"; };
		FBD8C4F61A882D8200E86F76 /* ViewController.h */ = {isa = PBXFileReference; lastKnownFileType = sourcecode.c.h; path = ViewController.h; sourceTree = "<group>"; };
		FBD8C4F71A882D8200E86F76 /* ViewController.m */ = {isa = PBXFileReference; lastKnownFileType = sourcecode.c.objc; path = ViewController.m; sourceTree = "<group>"; };
		FBD8C4FA1A882D8200E86F76 /* Base */ = {isa = PBXFileReference; lastKnownFileType = file.storyboard; name = Base; path = Base.lproj/Main.storyboard; sourceTree = "<group>"; };
		FBD8C4FC1A882D8200E86F76 /* Images.xcassets */ = {isa = PBXFileReference; lastKnownFileType = folder.assetcatalog; path = Images.xcassets; sourceTree = "<group>"; };
		FBD8C4FF1A882D8200E86F76 /* Base */ = {isa = PBXFileReference; lastKnownFileType = file.xib; name = Base; path = Base.lproj/LaunchScreen.xib; sourceTree = "<group>"; };
		FBD8C5051A882D8200E86F76 /* Opening A URL AppTests.xctest */ = {isa = PBXFileReference; explicitFileType = wrapper.cfbundle; includeInIndex = 0; path = "Opening A URL AppTests.xctest"; sourceTree = BUILT_PRODUCTS_DIR; };
		FBD8C50A1A882D8200E86F76 /* Info.plist */ = {isa = PBXFileReference; lastKnownFileType = text.plist.xml; path = Info.plist; sourceTree = "<group>"; };
		FBD8C50B1A882D8300E86F76 /* Opening_A_URL_AppTests.m */ = {isa = PBXFileReference; lastKnownFileType = sourcecode.c.objc; path = Opening_A_URL_AppTests.m; sourceTree = "<group>"; };
/* End PBXFileReference section */

/* Begin PBXFrameworksBuildPhase section */
		FBD8C4E91A882D8200E86F76 /* Frameworks */ = {
			isa = PBXFrameworksBuildPhase;
			buildActionMask = 2147483647;
			files = (
			);
			runOnlyForDeploymentPostprocessing = 0;
		};
		FBD8C5021A882D8200E86F76 /* Frameworks */ = {
			isa = PBXFrameworksBuildPhase;
			buildActionMask = 2147483647;
			files = (
			);
			runOnlyForDeploymentPostprocessing = 0;
		};
/* End PBXFrameworksBuildPhase section */

/* Begin PBXGroup section */
		FBD8C4E31A882D8200E86F76 = {
			isa = PBXGroup;
			children = (
				FBD8C4EE1A882D8200E86F76 /* Opening A URL App */,
				FBD8C5081A882D8200E86F76 /* Opening A URL AppTests */,
				FBD8C4ED1A882D8200E86F76 /* Products */,
			);
			sourceTree = "<group>";
		};
		FBD8C4ED1A882D8200E86F76 /* Products */ = {
			isa = PBXGroup;
			children = (
				FBD8C4EC1A882D8200E86F76 /* Opening A URL App.app */,
				FBD8C5051A882D8200E86F76 /* Opening A URL AppTests.xctest */,
			);
			name = Products;
			sourceTree = "<group>";
		};
		FBD8C4EE1A882D8200E86F76 /* Opening A URL App */ = {
			isa = PBXGroup;
			children = (
				FBD8C4F31A882D8200E86F76 /* AppDelegate.h */,
				FBD8C4F41A882D8200E86F76 /* AppDelegate.m */,
				FBD8C4F61A882D8200E86F76 /* ViewController.h */,
				FBD8C4F71A882D8200E86F76 /* ViewController.m */,
				FBD8C4F91A882D8200E86F76 /* Main.storyboard */,
				FBD8C4FC1A882D8200E86F76 /* Images.xcassets */,
				FBD8C4FE1A882D8200E86F76 /* LaunchScreen.xib */,
				FBD8C4EF1A882D8200E86F76 /* Supporting Files */,
			);
			path = "Opening A URL App";
			sourceTree = "<group>";
		};
		FBD8C4EF1A882D8200E86F76 /* Supporting Files */ = {
			isa = PBXGroup;
			children = (
				FBD8C4F01A882D8200E86F76 /* Info.plist */,
				FBD8C4F11A882D8200E86F76 /* main.m */,
			);
			name = "Supporting Files";
			sourceTree = "<group>";
		};
		FBD8C5081A882D8200E86F76 /* Opening A URL AppTests */ = {
			isa = PBXGroup;
			children = (
				FBD8C50B1A882D8300E86F76 /* Opening_A_URL_AppTests.m */,
				FBD8C5091A882D8200E86F76 /* Supporting Files */,
			);
			path = "Opening A URL AppTests";
			sourceTree = "<group>";
		};
		FBD8C5091A882D8200E86F76 /* Supporting Files */ = {
			isa = PBXGroup;
			children = (
				FBD8C50A1A882D8200E86F76 /* Info.plist */,
			);
			name = "Supporting Files";
			sourceTree = "<group>";
		};
/* End PBXGroup section */

/* Begin PBXNativeTarget section */
		FBD8C4EB1A882D8200E86F76 /* Opening A URL App */ = {
			isa = PBXNativeTarget;
			buildConfigurationList = FBD8C50F1A882D8300E86F76 /* Build configuration list for PBXNativeTarget "Opening A URL App" */;
			buildPhases = (
				FBD8C4E81A882D8200E86F76 /* Sources */,
				FBD8C4E91A882D8200E86F76 /* Frameworks */,
				FBD8C4EA1A882D8200E86F76 /* Resources */,
			);
			buildRules = (
			);
			dependencies = (
			);
			name = "Opening A URL App";
			productName = "Opening A URL App";
			productReference = FBD8C4EC1A882D8200E86F76 /* Opening A URL App.app */;
			productType = "com.apple.product-type.application";
		};
		FBD8C5041A882D8200E86F76 /* Opening A URL AppTests */ = {
			isa = PBXNativeTarget;
			buildConfigurationList = FBD8C5121A882D8300E86F76 /* Build configuration list for PBXNativeTarget "Opening A URL AppTests" */;
			buildPhases = (
				FBD8C5011A882D8200E86F76 /* Sources */,
				FBD8C5021A882D8200E86F76 /* Frameworks */,
				FBD8C5031A882D8200E86F76 /* Resources */,
			);
			buildRules = (
			);
			dependencies = (
				FBD8C5071A882D8200E86F76 /* PBXTargetDependency */,
			);
			name = "Opening A URL AppTests";
			productName = "Opening A URL AppTests";
			productReference = FBD8C5051A882D8200E86F76 /* Opening A URL AppTests.xctest */;
			productType = "com.apple.product-type.bundle.unit-test";
		};
/* End PBXNativeTarget section */

/* Begin PBXProject section */
		FBD8C4E41A882D8200E86F76 /* Project object */ = {
			isa = PBXProject;
			attributes = {
				LastUpgradeCheck = 0610;
				ORGANIZATIONNAME = "Learning Objective-C";
				TargetAttributes = {
					FBD8C4EB1A882D8200E86F76 = {
						CreatedOnToolsVersion = 6.1.1;
					};
					FBD8C5041A882D8200E86F76 = {
						CreatedOnToolsVersion = 6.1.1;
						TestTargetID = FBD8C4EB1A882D8200E86F76;
					};
				};
			};
			buildConfigurationList = FBD8C4E71A882D8200E86F76 /* Build configuration list for PBXProject "Opening A URL App" */;
			compatibilityVersion = "Xcode 3.2";
			developmentRegion = English;
			hasScannedForEncodings = 0;
			knownRegions = (
				en,
				Base,
			);
			mainGroup = FBD8C4E31A882D8200E86F76;
			productRefGroup = FBD8C4ED1A882D8200E86F76 /* Products */;
			projectDirPath = "";
			projectRoot = "";
			targets = (
				FBD8C4EB1A882D8200E86F76 /* Opening A URL App */,
				FBD8C5041A882D8200E86F76 /* Opening A URL AppTests */,
			);
		};
/* End PBXProject section */

/* Begin PBXResourcesBuildPhase section */
		FBD8C4EA1A882D8200E86F76 /* Resources */ = {
			isa = PBXResourcesBuildPhase;
			buildActionMask = 2147483647;
			files = (
				FBD8C4FB1A882D8200E86F76 /* Main.storyboard in Resources */,
				FBD8C5001A882D8200E86F76 /* LaunchScreen.xib in Resources */,
				FBD8C4FD1A882D8200E86F76 /* Images.xcassets in Resources */,
			);
			runOnlyForDeploymentPostprocessing = 0;
		};
		FBD8C5031A882D8200E86F76 /* Resources */ = {
			isa = PBXResourcesBuildPhase;
			buildActionMask = 2147483647;
			files = (
			);
			runOnlyForDeploymentPostprocessing = 0;
		};
/* End PBXResourcesBuildPhase section */

/* Begin PBXSourcesBuildPhase section */
		FBD8C4E81A882D8200E86F76 /* Sources */ = {
			isa = PBXSourcesBuildPhase;
			buildActionMask = 2147483647;
			files = (
				FBD8C4F81A882D8200E86F76 /* ViewController.m in Sources */,
				FBD8C4F51A882D8200E86F76 /* AppDelegate.m in Sources */,
				FBD8C4F21A882D8200E86F76 /* main.m in Sources */,
			);
			runOnlyForDeploymentPostprocessing = 0;
		};
		FBD8C5011A882D8200E86F76 /* Sources */ = {
			isa = PBXSourcesBuildPhase;
			buildActionMask = 2147483647;
			files = (
				FBD8C50C1A882D8300E86F76 /* Opening_A_URL_AppTests.m in Sources */,
			);
			runOnlyForDeploymentPostprocessing = 0;
		};
/* End PBXSourcesBuildPhase section */

/* Begin PBXTargetDependency section */
		FBD8C5071A882D8200E86F76 /* PBXTargetDependency */ = {
			isa = PBXTargetDependency;
			target = FBD8C4EB1A882D8200E86F76 /* Opening A URL App */;
			targetProxy = FBD8C5061A882D8200E86F76 /* PBXContainerItemProxy */;
		};
/* End PBXTargetDependency section */

/* Begin PBXVariantGroup section */
		FBD8C4F91A882D8200E86F76 /* Main.storyboard */ = {
			isa = PBXVariantGroup;
			children = (
				FBD8C4FA1A882D8200E86F76 /* Base */,
			);
			name = Main.storyboard;
			sourceTree = "<group>";
		};
		FBD8C4FE1A882D8200E86F76 /* LaunchScreen.xib */ = {
			isa = PBXVariantGroup;
			children = (
				FBD8C4FF1A882D8200E86F76 /* Base */,
			);
			name = LaunchScreen.xib;
			sourceTree = "<group>";
		};
/* End PBXVariantGroup section */

/* Begin XCBuildConfiguration section */
		FBD8C50D1A882D8300E86F76 /* Debug */ = {
			isa = XCBuildConfiguration;
			buildSettings = {
				ALWAYS_SEARCH_USER_PATHS = NO;
				CLANG_CXX_LANGUAGE_STANDARD = "gnu++0x";
				CLANG_CXX_LIBRARY = "libc++";
				CLANG_ENABLE_MODULES = YES;
				CLANG_ENABLE_OBJC_ARC = YES;
				CLANG_WARN_BOOL_CONVERSION = YES;
				CLANG_WARN_CONSTANT_CONVERSION = YES;
				CLANG_WARN_DIRECT_OBJC_ISA_USAGE = YES_ERROR;
				CLANG_WARN_EMPTY_BODY = YES;
				CLANG_WARN_ENUM_CONVERSION = YES;
				CLANG_WARN_INT_CONVERSION = YES;
				CLANG_WARN_OBJC_ROOT_CLASS = YES_ERROR;
				CLANG_WARN_UNREACHABLE_CODE = YES;
				CLANG_WARN__DUPLICATE_METHOD_MATCH = YES;
				"CODE_SIGN_IDENTITY[sdk=iphoneos*]" = "iPhone Developer";
				COPY_PHASE_STRIP = NO;
				ENABLE_STRICT_OBJC_MSGSEND = YES;
				GCC_C_LANGUAGE_STANDARD = gnu99;
				GCC_DYNAMIC_NO_PIC = NO;
				GCC_OPTIMIZATION_LEVEL = 0;
				GCC_PREPROCESSOR_DEFINITIONS = (
					"DEBUG=1",
					"$(inherited)",
				);
				GCC_SYMBOLS_PRIVATE_EXTERN = NO;
				GCC_WARN_64_TO_32_BIT_CONVERSION = YES;
				GCC_WARN_ABOUT_RETURN_TYPE = YES_ERROR;
				GCC_WARN_UNDECLARED_SELECTOR = YES;
				GCC_WARN_UNINITIALIZED_AUTOS = YES_AGGRESSIVE;
				GCC_WARN_UNUSED_FUNCTION = YES;
				GCC_WARN_UNUSED_VARIABLE = YES;
				IPHONEOS_DEPLOYMENT_TARGET = 8.1;
				MTL_ENABLE_DEBUG_INFO = YES;
				ONLY_ACTIVE_ARCH = YES;
				SDKROOT = iphoneos;
			};
			name = Debug;
		};
		FBD8C50E1A882D8300E86F76 /* Release */ = {
			isa = XCBuildConfiguration;
			buildSettings = {
				ALWAYS_SEARCH_USER_PATHS = NO;
				CLANG_CXX_LANGUAGE_STANDARD = "gnu++0x";
				CLANG_CXX_LIBRARY = "libc++";
				CLANG_ENABLE_MODULES = YES;
				CLANG_ENABLE_OBJC_ARC = YES;
				CLANG_WARN_BOOL_CONVERSION = YES;
				CLANG_WARN_CONSTANT_CONVERSION = YES;
				CLANG_WARN_DIRECT_OBJC_ISA_USAGE = YES_ERROR;
				CLANG_WARN_EMPTY_BODY = YES;
				CLANG_WARN_ENUM_CONVERSION = YES;
				CLANG_WARN_INT_CONVERSION = YES;
				CLANG_WARN_OBJC_ROOT_CLASS = YES_ERROR;
				CLANG_WARN_UNREACHABLE_CODE = YES;
				CLANG_WARN__DUPLICATE_METHOD_MATCH = YES;
				"CODE_SIGN_IDENTITY[sdk=iphoneos*]" = "iPhone Developer";
				COPY_PHASE_STRIP = YES;
				ENABLE_NS_ASSERTIONS = NO;
				ENABLE_STRICT_OBJC_MSGSEND = YES;
				GCC_C_LANGUAGE_STANDARD = gnu99;
				GCC_WARN_64_TO_32_BIT_CONVERSION = YES;
				GCC_WARN_ABOUT_RETURN_TYPE = YES_ERROR;
				GCC_WARN_UNDECLARED_SELECTOR = YES;
				GCC_WARN_UNINITIALIZED_AUTOS = YES_AGGRESSIVE;
				GCC_WARN_UNUSED_FUNCTION = YES;
				GCC_WARN_UNUSED_VARIABLE = YES;
				IPHONEOS_DEPLOYMENT_TARGET = 8.1;
				MTL_ENABLE_DEBUG_INFO = NO;
				SDKROOT = iphoneos;
				VALIDATE_PRODUCT = YES;
			};
			name = Release;
		};
		FBD8C5101A882D8300E86F76 /* Debug */ = {
			isa = XCBuildConfiguration;
			buildSettings = {
				ASSETCATALOG_COMPILER_APPICON_NAME = AppIcon;
				INFOPLIST_FILE = "Opening A URL App/Info.plist";
				LD_RUNPATH_SEARCH_PATHS = "$(inherited) @executable_path/Frameworks";
				PRODUCT_NAME = "$(TARGET_NAME)";
			};
			name = Debug;
		};
		FBD8C5111A882D8300E86F76 /* Release */ = {
			isa = XCBuildConfiguration;
			buildSettings = {
				ASSETCATALOG_COMPILER_APPICON_NAME = AppIcon;
				INFOPLIST_FILE = "Opening A URL App/Info.plist";
				LD_RUNPATH_SEARCH_PATHS = "$(inherited) @executable_path/Frameworks";
				PRODUCT_NAME = "$(TARGET_NAME)";
			};
			name = Release;
		};
		FBD8C5131A882D8300E86F76 /* Debug */ = {
			isa = XCBuildConfiguration;
			buildSettings = {
				BUNDLE_LOADER = "$(TEST_HOST)";
				FRAMEWORK_SEARCH_PATHS = (
					"$(SDKROOT)/Developer/Library/Frameworks",
					"$(inherited)",
				);
				GCC_PREPROCESSOR_DEFINITIONS = (
					"DEBUG=1",
					"$(inherited)",
				);
				INFOPLIST_FILE = "Opening A URL AppTests/Info.plist";
				LD_RUNPATH_SEARCH_PATHS = "$(inherited) @executable_path/Frameworks @loader_path/Frameworks";
				PRODUCT_NAME = "$(TARGET_NAME)";
				TEST_HOST = "$(BUILT_PRODUCTS_DIR)/Opening A URL App.app/Opening A URL App";
			};
			name = Debug;
		};
		FBD8C5141A882D8300E86F76 /* Release */ = {
			isa = XCBuildConfiguration;
			buildSettings = {
				BUNDLE_LOADER = "$(TEST_HOST)";
				FRAMEWORK_SEARCH_PATHS = (
					"$(SDKROOT)/Developer/Library/Frameworks",
					"$(inherited)",
				);
				INFOPLIST_FILE = "Opening A URL AppTests/Info.plist";
				LD_RUNPATH_SEARCH_PATHS = "$(inherited) @executable_path/Frameworks @loader_path/Frameworks";
				PRODUCT_NAME = "$(TARGET_NAME)";
				TEST_HOST = "$(BUILT_PRODUCTS_DIR)/Opening A URL App.app/Opening A URL App";
			};
			name = Release;
		};
/* End XCBuildConfiguration section */

/* Begin XCConfigurationList section */
		FBD8C4E71A882D8200E86F76 /* Build configuration list for PBXProject "Opening A URL App" */ = {
			isa = XCConfigurationList;
			buildConfigurations = (
				FBD8C50D1A882D8300E86F76 /* Debug */,
				FBD8C50E1A882D8300E86F76 /* Release */,
			);
			defaultConfigurationIsVisible = 0;
			defaultConfigurationName = Release;
		};
		FBD8C50F1A882D8300E86F76 /* Build configuration list for PBXNativeTarget "Opening A URL App" */ = {
			isa = XCConfigurationList;
			buildConfigurations = (
				FBD8C5101A882D8300E86F76 /* Debug */,
				FBD8C5111A882D8300E86F76 /* Release */,
			);
			defaultConfigurationIsVisible = 0;
		};
		FBD8C5121A882D8300E86F76 /* Build configuration list for PBXNativeTarget "Opening A URL AppTests" */ = {
			isa = XCConfigurationList;
			buildConfigurations = (
				FBD8C5131A882D8300E86F76 /* Debug */,
				FBD8C5141A882D8300E86F76 /* Release */,
			);
			defaultConfigurationIsVisible = 0;
		};
/* End XCConfigurationList section */
	};
	rootObject = FBD8C4E41A882D8200E86F76 /* Project object */;
}
